
Microsoft Visual Studio Solution File, Format Version 12.00
# Visual Studio Version 17
VisualStudioVersion = 17.10.35013.160
MinimumVisualStudioVersion = 10.0.40219.1
Project("{9A19103F-16F7-4668-BE54-9A1E7A4F7556}") = "NZWalks.API", "NZWalks.API\NZWalks.API.csproj", "{57046A93-0F27-444E-9386-38C2A62718FC}"
EndProject
Project("{FAE04EC0-301F-11D3-BF4B-00C04F79EFBC}") = "NZWalks.UI", "NZWalks.UI\NZWalks.UI.csproj", "{4619F048-0B67-4B83-90E8-2684B232CDFB}"
EndProject
Global
	GlobalSection(SolutionConfigurationPlatforms) = preSolution
		Debug|Any CPU = Debug|Any CPU
		Release|Any CPU = Release|Any CPU
	EndGlobalSection
	GlobalSection(ProjectConfigurationPlatforms) = postSolution
		{57046A93-0F27-444E-9386-38C2A62718FC}.Debug|Any CPU.ActiveCfg = Debug|Any CPU
		{57046A93-0F27-444E-9386-38C2A62718FC}.Debug|Any CPU.Build.0 = Debug|Any CPU
		{57046A93-0F27-444E-9386-38C2A62718FC}.Release|Any CPU.ActiveCfg = Release|Any CPU
		{57046A93-0F27-444E-9386-38C2A62718FC}.Release|Any CPU.Build.0 = Release|Any CPU
		{4619F048-0B67-4B83-90E8-2684B232CDFB}.Debug|Any CPU.ActiveCfg = Debug|Any CPU
		{4619F048-0B67-4B83-90E8-2684B232CDFB}.Debug|Any CPU.Build.0 = Debug|Any CPU
		{4619F048-0B67-4B83-90E8-2684B232CDFB}.Release|Any CPU.ActiveCfg = Release|Any CPU
		{4619F048-0B67-4B83-90E8-2684B232CDFB}.Release|Any CPU.Build.0 = Release|Any CPU
	EndGlobalSection
	GlobalSection(SolutionProperties) = preSolution
		HideSolutionNode = FALSE
	EndGlobalSection
	GlobalSection(ExtensibilityGlobals) = postSolution
		SolutionGuid = {64F11475-5CEF-4D17-8E41-65BA17648FB1}
	EndGlobalSection
EndGlobal
